lockfileVersion: '9.0'

settings:
  autoInstallPeers: true
  excludeLinksFromLockfile: false

importers:

  .:
    dependencies:
      react:
        specifier: ^18.2.0
        version: 18.2.0
      axios:
        specifier: ^1.6.5
        version: 1.6.5
    devDependencies:
      typescript:
        specifier: ^5.3.3
        version: 5.3.3

packages:

  react@18.2.0:
    resolution:
      integrity: sha512-/3IjMdb2L9QbBdWiW5e3P2/npwMBaU9mHCSCUzNln0ZCYbcfTsGbTJrU/kGemdH2IWmB2ioZ+zkxtmq6g09fA==
      tarball: https://registry.npmjs.org/react/-/react-18.2.0.tgz
    engines:
      node: '>=0.10.0'
    dependencies:
      loose-envify: 1.4.0
    license: MIT

  loose-envify@1.4.0:
    resolution:
      integrity: sha512-lyuxPGr/Wfhrlem2CL/UcnUc1zcqKAImBDzukY7Y5F/yQiNdko6+DVx8vvpSKkHE0d7vNGh8HNb+CpKtHcvNg==
      tarball: https://registry.npmjs.org/loose-envify/-/loose-envify-1.4.0.tgz
    license: MIT

  axios@1.6.5:
    resolution:
      integrity: sha512-Ii012v05KEVuPRxUWC/DkSmDOHc9QSjwUY9jjJzDMQdriDtPWLLSHS6Bh/VgL0D/xImz3VoGKI28fqtGnVDfg==
      tarball: https://registry.npmjs.org/axios/-/axios-1.6.5.tgz
    license: MIT

  typescript@5.3.3:
    resolution:
      integrity: sha512-pXWcraxM0uxAS+tN0AG/BF2TyqmHO014Z070UsJ+pFvYuRSq8KH8DmWpnbXe0pEPDHXZV3FcAbJkijJ5oqEnKQ==
      tarball: https://registry.npmjs.org/typescript/-/typescript-5.3.3.tgz
    engines:
      node: '>=14.17'
    license: Apache-2.0
