{
  "name": "demo-app",
  "version": "3.0.0",
  "lockfileVersion": 3,
  "packages": {
    "": {
      "name": "demo-app",
      "version": "3.0.0",
      "dependencies": {
        "lodash": "^4.17.21"
      },
      "devDependencies": {
        "jest": "^29.7.0"
      }
    },
    "node_modules/lodash": {
      "version": "4.17.21",
      "resolved": "https://registry.npmjs.org/lodash/-/lodash-4.17.21.tgz",
      "integrity": "sha512-v2kDEe57lecTulaDIuNTPy3Ry4gLGJ6Z1O3vE1krgXZNrsQ+LFTGHVxVjcXPs17LhbZkEWoYthKS95mu+EGGA==",
      "license": "MIT"
    },
    "node_modules/jest": {
      "version": "29.7.0",
      "resolved": "https://registry.npmjs.org/jest/-/jest-29.7.0.tgz",
      "integrity": "sha512-NIy3oAFp9shQidsVf7uQo0+FuGFYCzRkMz0sH/rvtM9cEkI1H0RFkGExXxK0hU4YRlAFYZsTy2UYRLRbF2dvw==",
      "dev": true,
      "license": "MIT",
      "engines": {
        "node": "^14.15.0 || ^16.10.0 || >=18.0.0"
      },
      "dependencies": {
        "jest-circus": "29.7.0"
      },
      "peerDependencies": {
        "node-notifier": "^8.0.1 || ^9.0.0 || ^10.0.0"
      },
      "optionalPeerDependencies": ["node-notifier"]
    },
    "node_modules/jest-circus": {
      "version": "29.7.0",
      "resolved": "https://registry.npmjs.org/jest-circus/-/jest-circus-29.7.0.tgz",
      "integrity": "sha512-3E1nCMgipcTkCocFXM72YFPLIl0yBRCX5D1kNCAh100TkwPozaM+6tqOp3kOTX5xN91K0OEsMvJTFpkZe7MXgg==",
      "dev": true,
      "license": "MIT"
    }
  }
}
