# This file is automatically @generated by Cargo.
# It is not intended for manual editing.
version = 4

[[package]]
name = "bomly-cargo-smoke"
version = "0.1.0"
dependencies = [
 "bomly-cargo-smoke-dev",
 "bomly-cargo-smoke-helper",
]

[[package]]
name = "bomly-cargo-smoke-dev"
version = "0.1.0"

[[package]]
name = "bomly-cargo-smoke-helper"
version = "0.1.0"
